// !$*UTF8*$!
{
	archiveVersion = 1;
	classes = {
	};
	objectVersion = 77;
	objects = {

/* Begin PBXBuildFile section */
		058AD885E282C45E8B293C2F /* Assets.xcassets in Resources */ = {isa = PBXBuildFile; fileRef = 59058A1612B26B1AE4AE072C /* Assets.xcassets */; };
		16BE660B28E6F405C196288E /* LogSource.swift in Sources */ = {isa = PBXBuildFile; fileRef = CD96E53C4F12C945077F47D8 /* LogSource.swift */; };
		1DED9ECD75535F9765A492F6 /* Formatters.swift in Sources */ = {isa = PBXBuildFile; fileRef = 48D492D47120326C3C2D6224 /* Formatters.swift */; };
		362795D86D6520FC0753D892 /* LogFilter.swift in Sources */ = {isa = PBXBuildFile; fileRef = F48415E8BEB1B851D56ACE13 /* LogFilter.swift */; };
		510B0C44DF165C8255CAAAC0 /* ContentView.swift in Sources */ = {isa = PBXBuildFile; fileRef = BC67BBA69445F2FD05237229 /* ContentView.swift */; };
		5DF9CBA8658103AE69857014 /* EventDetailView.swift in Sources */ = {isa = PBXBuildFile; fileRef = 3A51FC4503D3762CEC716E52 /* EventDetailView.swift */; };
		5EA4D7F705BD030662D5E74A /* SettingsView.swift in Sources */ = {isa = PBXBuildFile; fileRef = 347244AD704CD242F00D8449 /* SettingsView.swift */; };
		620532CA20A180255E8A5787 /* LogLensApp.swift in Sources */ = {isa = PBXBuildFile; fileRef = C6DBF882B2E0A414BDD2131B /* LogLensApp.swift */; };
		72DE7D1037BED970B703D518 /* LogLevel.swift in Sources */ = {isa = PBXBuildFile; fileRef = F141422A9CF4AC4427732118 /* LogLevel.swift */; };
		7C904E2C1ACA1818BCD6E9E6 /* ExportDocument.swift in Sources */ = {isa = PBXBuildFile; fileRef = 875CA1A6F6AC57F74D49E5EB /* ExportDocument.swift */; };
		828CB51B9767A0072401795F /* ParsedMessage.swift in Sources */ = {isa = PBXBuildFile; fileRef = A4C273FF0A1A76B1E1CA418A /* ParsedMessage.swift */; };
		8DA19DF829963BA519765CE4 /* EventStore.swift in Sources */ = {isa = PBXBuildFile; fileRef = 8FBDDAEB97E6AB6191A6F47D /* EventStore.swift */; };
		914BFBD25A371E05E71C602C /* MessageParser.swift in Sources */ = {isa = PBXBuildFile; fileRef = 0BB3B747B30C2340F03840AE /* MessageParser.swift */; };
		AA0646E2440C790F0BB708A1 /* AppIcon.icon in Resources */ = {isa = PBXBuildFile; fileRef = B8AB912ADA3AB3919BC3FB47 /* AppIcon.icon */; };
		C3E7A9F444F6ECBB625E1935 /* EventTableView.swift in Sources */ = {isa = PBXBuildFile; fileRef = 4737DE8333CBEF1D56DFB836 /* EventTableView.swift */; };
		E059CBF858F02D4A6D5F3EF8 /* LogEntry.swift in Sources */ = {isa = PBXBuildFile; fileRef = 41CDE3DF487BFD344E15F6B7 /* LogEntry.swift */; };
		E1E9BA5BC8CE1C5EC7A0E79E /* SourceDiscovery.swift in Sources */ = {isa = PBXBuildFile; fileRef = 0B1D2F2CFEEC7B3334867EED /* SourceDiscovery.swift */; };
		F1F10951C9EF0468F8978198 /* Pasteboard.swift in Sources */ = {isa = PBXBuildFile; fileRef = A0AADEA055C5B9DF424DA6D5 /* Pasteboard.swift */; };
		F6392B70381458C6E4C28D7E /* LogStreamer.swift in Sources */ = {isa = PBXBuildFile; fileRef = 6231E80A74B64E5D7CCB0990 /* LogStreamer.swift */; };
		FB5C52A6C4C422427C75EB8E /* SidebarView.swift in Sources */ = {isa = PBXBuildFile; fileRef = 55A9AD83161D785E63F13AB7 /* SidebarView.swift */; };
/* End PBXBuildFile section */

/* Begin PBXFileReference section */
		0B1D2F2CFEEC7B3334867EED /* SourceDiscovery.swift */ = {isa = PBXFileReference; lastKnownFileType = sourcecode.swift; path = SourceDiscovery.swift; sourceTree = "<group>"; };
		0BB3B747B30C2340F03840AE /* MessageParser.swift */ = {isa = PBXFileReference; lastKnownFileType = sourcecode.swift; path = MessageParser.swift; sourceTree = "<group>"; };
		1AFAF1CB9D4C983DA7F634BF /* Info.plist */ = {isa = PBXFileReference; lastKnownFileType = text.plist; path = Info.plist; sourceTree = "<group>"; };
		347244AD704CD242F00D8449 /* SettingsView.swift */ = {isa = PBXFileReference; lastKnownFileType = sourcecode.swift; path = SettingsView.swift; sourceTree = "<group>"; };
		3A51FC4503D3762CEC716E52 /* EventDetailView.swift */ = {isa = PBXFileReference; lastKnownFileType = sourcecode.swift; path = EventDetailView.swift; sourceTree = "<group>"; };
		41CDE3DF487BFD344E15F6B7 /* LogEntry.swift */ = {isa = PBXFileReference; lastKnownFileType = sourcecode.swift; path = LogEntry.swift; sourceTree = "<group>"; };
		4737DE8333CBEF1D56DFB836 /* EventTableView.swift */ = {isa = PBXFileReference; lastKnownFileType = sourcecode.swift; path = EventTableView.swift; sourceTree = "<group>"; };
		48D492D47120326C3C2D6224 /* Formatters.swift */ = {isa = PBXFileReference; lastKnownFileType = sourcecode.swift; path = Formatters.swift; sourceTree = "<group>"; };
		4AD132E7D54D53D8E6B43D30 /* LogLens.app */ = {isa = PBXFileReference; explicitFileType = wrapper.application; includeInIndex = 0; path = LogLens.app; sourceTree = BUILT_PRODUCTS_DIR; };
		55A9AD83161D785E63F13AB7 /* SidebarView.swift */ = {isa = PBXFileReference; lastKnownFileType = sourcecode.swift; path = SidebarView.swift; sourceTree = "<group>"; };
		59058A1612B26B1AE4AE072C /* Assets.xcassets */ = {isa = PBXFileReference; lastKnownFileType = folder.assetcatalog; path = Assets.xcassets; sourceTree = "<group>"; };
		6231E80A74B64E5D7CCB0990 /* LogStreamer.swift */ = {isa = PBXFileReference; lastKnownFileType = sourcecode.swift; path = LogStreamer.swift; sourceTree = "<group>"; };
		875CA1A6F6AC57F74D49E5EB /* ExportDocument.swift */ = {isa = PBXFileReference; lastKnownFileType = sourcecode.swift; path = ExportDocument.swift; sourceTree = "<group>"; };
		8FBDDAEB97E6AB6191A6F47D /* EventStore.swift */ = {isa = PBXFileReference; lastKnownFileType = sourcecode.swift; path = EventStore.swift; sourceTree = "<group>"; };
		A0AADEA055C5B9DF424DA6D5 /* Pasteboard.swift */ = {isa = PBXFileReference; lastKnownFileType = sourcecode.swift; path = Pasteboard.swift; sourceTree = "<group>"; };
		A4C273FF0A1A76B1E1CA418A /* ParsedMessage.swift */ = {isa = PBXFileReference; lastKnownFileType = sourcecode.swift; path = ParsedMessage.swift; sourceTree = "<group>"; };
		B8AB912ADA3AB3919BC3FB47 /* AppIcon.icon */ = {isa = PBXFileReference; lastKnownFileType = folder.iconcomposer.icon; path = AppIcon.icon; sourceTree = "<group>"; };
		BC67BBA69445F2FD05237229 /* ContentView.swift */ = {isa = PBXFileReference; lastKnownFileType = sourcecode.swift; path = ContentView.swift; sourceTree = "<group>"; };
		C6DBF882B2E0A414BDD2131B /* LogLensApp.swift */ = {isa = PBXFileReference; lastKnownFileType = sourcecode.swift; path = LogLensApp.swift; sourceTree = "<group>"; };
		CD96E53C4F12C945077F47D8 /* LogSource.swift */ = {isa = PBXFileReference; lastKnownFileType = sourcecode.swift; path = LogSource.swift; sourceTree = "<group>"; };
		F141422A9CF4AC4427732118 /* LogLevel.swift */ = {isa = PBXFileReference; lastKnownFileType = sourcecode.swift; path = LogLevel.swift; sourceTree = "<group>"; };
		F48415E8BEB1B851D56ACE13 /* LogFilter.swift */ = {isa = PBXFileReference; lastKnownFileType = sourcecode.swift; path = LogFilter.swift; sourceTree = "<group>"; };
/* End PBXFileReference section */

/* Begin PBXGroup section */
		301479EB6D0D9A14AA554DE6 /* Capture */ = {
			isa = PBXGroup;
			children = (
				CD96E53C4F12C945077F47D8 /* LogSource.swift */,
				6231E80A74B64E5D7CCB0990 /* LogStreamer.swift */,
				0B1D2F2CFEEC7B3334867EED /* SourceDiscovery.swift */,
			);
			path = Capture;
			sourceTree = "<group>";
		};
		32B0743764F154AA95CF2F65 = {
			isa = PBXGroup;
			children = (
				73373ABC52891490170643AF /* LogLens */,
				AD43BB9A181530B57825980B /* Products */,
			);
			sourceTree = "<group>";
		};
		33E8DFE1F92549CD25BEF977 /* App */ = {
			isa = PBXGroup;
			children = (
				C6DBF882B2E0A414BDD2131B /* LogLensApp.swift */,
			);
			path = App;
			sourceTree = "<group>";
		};
		34DC1F4047A953BF86C5D49A /* Store */ = {
			isa = PBXGroup;
			children = (
				8FBDDAEB97E6AB6191A6F47D /* EventStore.swift */,
				F48415E8BEB1B851D56ACE13 /* LogFilter.swift */,
			);
			path = Store;
			sourceTree = "<group>";
		};
		461820F2F86C930A5544176C /* Resources */ = {
			isa = PBXGroup;
			children = (
				B8AB912ADA3AB3919BC3FB47 /* AppIcon.icon */,
				59058A1612B26B1AE4AE072C /* Assets.xcassets */,
			);
			path = Resources;
			sourceTree = "<group>";
		};
		549CE99438DBB3BEDE108528 /* Table */ = {
			isa = PBXGroup;
			children = (
				4737DE8333CBEF1D56DFB836 /* EventTableView.swift */,
			);
			path = Table;
			sourceTree = "<group>";
		};
		73373ABC52891490170643AF /* LogLens */ = {
			isa = PBXGroup;
			children = (
				1AFAF1CB9D4C983DA7F634BF /* Info.plist */,
				33E8DFE1F92549CD25BEF977 /* App */,
				301479EB6D0D9A14AA554DE6 /* Capture */,
				92B506E97217B7413CE028FC /* Models */,
				F21C216EC21F1977BD445339 /* Parsing */,
				461820F2F86C930A5544176C /* Resources */,
				34DC1F4047A953BF86C5D49A /* Store */,
				B5212EB28B50892B6D0EE9F9 /* Support */,
				C0970882A015C59081DCE293 /* Views */,
			);
			path = LogLens;
			sourceTree = "<group>";
		};
		79CB9FE9ECF3795556C66F05 /* Detail */ = {
			isa = PBXGroup;
			children = (
				3A51FC4503D3762CEC716E52 /* EventDetailView.swift */,
			);
			path = Detail;
			sourceTree = "<group>";
		};
		8EBEEC27424F3F249B37E6C8 /* Sidebar */ = {
			isa = PBXGroup;
			children = (
				55A9AD83161D785E63F13AB7 /* SidebarView.swift */,
			);
			path = Sidebar;
			sourceTree = "<group>";
		};
		92B506E97217B7413CE028FC /* Models */ = {
			isa = PBXGroup;
			children = (
				41CDE3DF487BFD344E15F6B7 /* LogEntry.swift */,
				F141422A9CF4AC4427732118 /* LogLevel.swift */,
				A4C273FF0A1A76B1E1CA418A /* ParsedMessage.swift */,
			);
			path = Models;
			sourceTree = "<group>";
		};
		AD43BB9A181530B57825980B /* Products */ = {
			isa = PBXGroup;
			children = (
				4AD132E7D54D53D8E6B43D30 /* LogLens.app */,
			);
			name = Products;
			sourceTree = "<group>";
		};
		B5212EB28B50892B6D0EE9F9 /* Support */ = {
			isa = PBXGroup;
			children = (
				875CA1A6F6AC57F74D49E5EB /* ExportDocument.swift */,
				48D492D47120326C3C2D6224 /* Formatters.swift */,
				A0AADEA055C5B9DF424DA6D5 /* Pasteboard.swift */,
			);
			path = Support;
			sourceTree = "<group>";
		};
		C0970882A015C59081DCE293 /* Views */ = {
			isa = PBXGroup;
			children = (
				BC67BBA69445F2FD05237229 /* ContentView.swift */,
				347244AD704CD242F00D8449 /* SettingsView.swift */,
				79CB9FE9ECF3795556C66F05 /* Detail */,
				8EBEEC27424F3F249B37E6C8 /* Sidebar */,
				549CE99438DBB3BEDE108528 /* Table */,
			);
			path = Views;
			sourceTree = "<group>";
		};
		F21C216EC21F1977BD445339 /* Parsing */ = {
			isa = PBXGroup;
			children = (
				0BB3B747B30C2340F03840AE /* MessageParser.swift */,
			);
			path = Parsing;
			sourceTree = "<group>";
		};
/* End PBXGroup section */

/* Begin PBXNativeTarget section */
		52183B3D2ED6B863870A20BD /* LogLens */ = {
			isa = PBXNativeTarget;
			buildConfigurationList = ED890A79C94115056DBE57D8 /* Build configuration list for PBXNativeTarget "LogLens" */;
			buildPhases = (
				D17E23AC25CD3AC778612AD0 /* Sources */,
				0B6BBFBEBCB50C6053C4225F /* Resources */,
			);
			buildRules = (
			);
			dependencies = (
			);
			name = LogLens;
			packageProductDependencies = (
			);
			productName = LogLens;
			productReference = 4AD132E7D54D53D8E6B43D30 /* LogLens.app */;
			productType = "com.apple.product-type.application";
		};
/* End PBXNativeTarget section */

/* Begin PBXProject section */
		0D736C30671F773BC62B1D74 /* Project object */ = {
			isa = PBXProject;
			attributes = {
				BuildIndependentTargetsInParallel = YES;
				LastUpgradeCheck = 1430;
				TargetAttributes = {
					52183B3D2ED6B863870A20BD = {
						DevelopmentTeam = 7VT5H6VPXH;
						ProvisioningStyle = Automatic;
					};
				};
			};
			buildConfigurationList = 96AC1D22A54D1DC0E7DF79DB /* Build configuration list for PBXProject "LogLens" */;
			developmentRegion = en;
			hasScannedForEncodings = 0;
			knownRegions = (
				Base,
				en,
			);
			mainGroup = 32B0743764F154AA95CF2F65;
			minimizedProjectReferenceProxies = 1;
			preferredProjectObjectVersion = 77;
			productRefGroup = AD43BB9A181530B57825980B /* Products */;
			projectDirPath = "";
			projectRoot = "";
			targets = (
				52183B3D2ED6B863870A20BD /* LogLens */,
			);
		};
/* End PBXProject section */

/* Begin PBXResourcesBuildPhase section */
		0B6BBFBEBCB50C6053C4225F /* Resources */ = {
			isa = PBXResourcesBuildPhase;
			buildActionMask = 2147483647;
			files = (
				AA0646E2440C790F0BB708A1 /* AppIcon.icon in Resources */,
				058AD885E282C45E8B293C2F /* Assets.xcassets in Resources */,
			);
			runOnlyForDeploymentPostprocessing = 0;
		};
/* End PBXResourcesBuildPhase section */

/* Begin PBXSourcesBuildPhase section */
		D17E23AC25CD3AC778612AD0 /* Sources */ = {
			isa = PBXSourcesBuildPhase;
			buildActionMask = 2147483647;
			files = (
				510B0C44DF165C8255CAAAC0 /* ContentView.swift in Sources */,
				5DF9CBA8658103AE69857014 /* EventDetailView.swift in Sources */,
				8DA19DF829963BA519765CE4 /* EventStore.swift in Sources */,
				C3E7A9F444F6ECBB625E1935 /* EventTableView.swift in Sources */,
				7C904E2C1ACA1818BCD6E9E6 /* ExportDocument.swift in Sources */,
				1DED9ECD75535F9765A492F6 /* Formatters.swift in Sources */,
				E059CBF858F02D4A6D5F3EF8 /* LogEntry.swift in Sources */,
				362795D86D6520FC0753D892 /* LogFilter.swift in Sources */,
				620532CA20A180255E8A5787 /* LogLensApp.swift in Sources */,
				72DE7D1037BED970B703D518 /* LogLevel.swift in Sources */,
				16BE660B28E6F405C196288E /* LogSource.swift in Sources */,
				F6392B70381458C6E4C28D7E /* LogStreamer.swift in Sources */,
				914BFBD25A371E05E71C602C /* MessageParser.swift in Sources */,
				828CB51B9767A0072401795F /* ParsedMessage.swift in Sources */,
				F1F10951C9EF0468F8978198 /* Pasteboard.swift in Sources */,
				5EA4D7F705BD030662D5E74A /* SettingsView.swift in Sources */,
				FB5C52A6C4C422427C75EB8E /* SidebarView.swift in Sources */,
				E1E9BA5BC8CE1C5EC7A0E79E /* SourceDiscovery.swift in Sources */,
			);
			runOnlyForDeploymentPostprocessing = 0;
		};
/* End PBXSourcesBuildPhase section */

/* Begin XCBuildConfiguration section */
		B7847F75D26DF5115F396741 /* Release */ = {
			isa = XCBuildConfiguration;
			buildSettings = {
				ALWAYS_SEARCH_USER_PATHS = NO;
				CLANG_ANALYZER_NONNULL = YES;
				CLANG_ANALYZER_NUMBER_OBJECT_CONVERSION = YES_AGGRESSIVE;
				CLANG_CXX_LANGUAGE_STANDARD = "gnu++14";
				CLANG_CXX_LIBRARY = "libc++";
				CLANG_ENABLE_MODULES = YES;
				CLANG_ENABLE_OBJC_ARC = YES;
				CLANG_ENABLE_OBJC_WEAK = YES;
				CLANG_WARN_BLOCK_CAPTURE_AUTORELEASING = YES;
				CLANG_WARN_BOOL_CONVERSION = YES;
				CLANG_WARN_COMMA = YES;
				CLANG_WARN_CONSTANT_CONVERSION = YES;
				CLANG_WARN_DEPRECATED_OBJC_IMPLEMENTATIONS = YES;
				CLANG_WARN_DIRECT_OBJC_ISA_USAGE = YES_ERROR;
				CLANG_WARN_DOCUMENTATION_COMMENTS = YES;
				CLANG_WARN_EMPTY_BODY = YES;
				CLANG_WARN_ENUM_CONVERSION = YES;
				CLANG_WARN_INFINITE_RECURSION = YES;
				CLANG_WARN_INT_CONVERSION = YES;
				CLANG_WARN_NON_LITERAL_NULL_CONVERSION = YES;
				CLANG_WARN_OBJC_IMPLICIT_RETAIN_SELF = YES;
				CLANG_WARN_OBJC_LITERAL_CONVERSION = YES;
				CLANG_WARN_OBJC_ROOT_CLASS = YES_ERROR;
				CLANG_WARN_QUOTED_INCLUDE_IN_FRAMEWORK_HEADER = YES;
				CLANG_WARN_RANGE_LOOP_ANALYSIS = YES;
				CLANG_WARN_STRICT_PROTOTYPES = YES;
				CLANG_WARN_SUSPICIOUS_MOVE = YES;
				CLANG_WARN_UNGUARDED_AVAILABILITY = YES_AGGRESSIVE;
				CLANG_WARN_UNREACHABLE_CODE = YES;
				CLANG_WARN__DUPLICATE_METHOD_MATCH = YES;
				CODE_SIGN_STYLE = Automatic;
				COPY_PHASE_STRIP = NO;
				CURRENT_PROJECT_VERSION = 1;
				DEBUG_INFORMATION_FORMAT = "dwarf-with-dsym";
				DEVELOPMENT_TEAM = 7VT5H6VPXH;
				ENABLE_HARDENED_RUNTIME = YES;
				ENABLE_NS_ASSERTIONS = NO;
				ENABLE_STRICT_OBJC_MSGSEND = YES;
				GCC_C_LANGUAGE_STANDARD = gnu11;
				GCC_NO_COMMON_BLOCKS = YES;
				GCC_WARN_64_TO_32_BIT_CONVERSION = YES;
				GCC_WARN_ABOUT_RETURN_TYPE = YES_ERROR;
				GCC_WARN_UNDECLARED_SELECTOR = YES;
				GCC_WARN_UNINITIALIZED_AUTOS = YES_AGGRESSIVE;
				GCC_WARN_UNUSED_FUNCTION = YES;
				GCC_WARN_UNUSED_VARIABLE = YES;
				MACOSX_DEPLOYMENT_TARGET = 15.0;
				MARKETING_VERSION = 1.0.0;
				MTL_ENABLE_DEBUG_INFO = NO;
				MTL_FAST_MATH = YES;
				PRODUCT_NAME = "$(TARGET_NAME)";
				SDKROOT = macosx;
				SWIFT_COMPILATION_MODE = wholemodule;
				SWIFT_OPTIMIZATION_LEVEL = "-O";
				SWIFT_STRICT_CONCURRENCY = minimal;
				SWIFT_VERSION = 5.0;
			};
			name = Release;
		};
		D710A9EEE6A0ADF3DBE13D19 /* Debug */ = {
			isa = XCBuildConfiguration;
			buildSettings = {
				ALWAYS_SEARCH_USER_PATHS = NO;
				CLANG_ANALYZER_NONNULL = YES;
				CLANG_ANALYZER_NUMBER_OBJECT_CONVERSION = YES_AGGRESSIVE;
				CLANG_CXX_LANGUAGE_STANDARD = "gnu++14";
				CLANG_CXX_LIBRARY = "libc++";
				CLANG_ENABLE_MODULES = YES;
				CLANG_ENABLE_OBJC_ARC = YES;
				CLANG_ENABLE_OBJC_WEAK = YES;
				CLANG_WARN_BLOCK_CAPTURE_AUTORELEASING = YES;
				CLANG_WARN_BOOL_CONVERSION = YES;
				CLANG_WARN_COMMA = YES;
				CLANG_WARN_CONSTANT_CONVERSION = YES;
				CLANG_WARN_DEPRECATED_OBJC_IMPLEMENTATIONS = YES;
				CLANG_WARN_DIRECT_OBJC_ISA_USAGE = YES_ERROR;
				CLANG_WARN_DOCUMENTATION_COMMENTS = YES;
				CLANG_WARN_EMPTY_BODY = YES;
				CLANG_WARN_ENUM_CONVERSION = YES;
				CLANG_WARN_INFINITE_RECURSION = YES;
				CLANG_WARN_INT_CONVERSION = YES;
				CLANG_WARN_NON_LITERAL_NULL_CONVERSION = YES;
				CLANG_WARN_OBJC_IMPLICIT_RETAIN_SELF = YES;
				CLANG_WARN_OBJC_LITERAL_CONVERSION = YES;
				CLANG_WARN_OBJC_ROOT_CLASS = YES_ERROR;
				CLANG_WARN_QUOTED_INCLUDE_IN_FRAMEWORK_HEADER = YES;
				CLANG_WARN_RANGE_LOOP_ANALYSIS = YES;
				CLANG_WARN_STRICT_PROTOTYPES = YES;
				CLANG_WARN_SUSPICIOUS_MOVE = YES;
				CLANG_WARN_UNGUARDED_AVAILABILITY = YES_AGGRESSIVE;
				CLANG_WARN_UNREACHABLE_CODE = YES;
				CLANG_WARN__DUPLICATE_METHOD_MATCH = YES;
				CODE_SIGN_STYLE = Automatic;
				COPY_PHASE_STRIP = NO;
				CURRENT_PROJECT_VERSION = 1;
				DEBUG_INFORMATION_FORMAT = dwarf;
				DEVELOPMENT_TEAM = 7VT5H6VPXH;
				ENABLE_HARDENED_RUNTIME = YES;
				ENABLE_STRICT_OBJC_MSGSEND = YES;
				ENABLE_TESTABILITY = YES;
				GCC_C_LANGUAGE_STANDARD = gnu11;
				GCC_DYNAMIC_NO_PIC = NO;
				GCC_NO_COMMON_BLOCKS = YES;
				GCC_OPTIMIZATION_LEVEL = 0;
				GCC_PREPROCESSOR_DEFINITIONS = (
					"$(inherited)",
					"DEBUG=1",
				);
				GCC_WARN_64_TO_32_BIT_CONVERSION = YES;
				GCC_WARN_ABOUT_RETURN_TYPE = YES_ERROR;
				GCC_WARN_UNDECLARED_SELECTOR = YES;
				GCC_WARN_UNINITIALIZED_AUTOS = YES_AGGRESSIVE;
				GCC_WARN_UNUSED_FUNCTION = YES;
				GCC_WARN_UNUSED_VARIABLE = YES;
				MACOSX_DEPLOYMENT_TARGET = 15.0;
				MARKETING_VERSION = 1.0.0;
				MTL_ENABLE_DEBUG_INFO = INCLUDE_SOURCE;
				MTL_FAST_MATH = YES;
				ONLY_ACTIVE_ARCH = YES;
				PRODUCT_NAME = "$(TARGET_NAME)";
				SDKROOT = macosx;
				SWIFT_ACTIVE_COMPILATION_CONDITIONS = DEBUG;
				SWIFT_OPTIMIZATION_LEVEL = "-Onone";
				SWIFT_STRICT_CONCURRENCY = minimal;
				SWIFT_VERSION = 5.0;
			};
			name = Debug;
		};
		DE6E4F6FCF6CDD52960E81FE /* Release */ = {
			isa = XCBuildConfiguration;
			buildSettings = {
				ASSETCATALOG_COMPILER_APPICON_NAME = AppIcon;
				ASSETCATALOG_COMPILER_GLOBAL_ACCENT_COLOR_NAME = AccentColor;
				COMBINE_HIDPI_IMAGES = YES;
				ENABLE_APP_SANDBOX = NO;
				INFOPLIST_FILE = LogLens/Info.plist;
				LD_RUNPATH_SEARCH_PATHS = (
					"$(inherited)",
					"@executable_path/../Frameworks",
				);
				PRODUCT_BUNDLE_IDENTIFIER = com.hugoprinsloo.LogLens;
				SDKROOT = macosx;
			};
			name = Release;
		};
		E0A7354B63CF057304814AC5 /* Debug */ = {
			isa = XCBuildConfiguration;
			buildSettings = {
				ASSETCATALOG_COMPILER_APPICON_NAME = AppIcon;
				ASSETCATALOG_COMPILER_GLOBAL_ACCENT_COLOR_NAME = AccentColor;
				COMBINE_HIDPI_IMAGES = YES;
				ENABLE_APP_SANDBOX = NO;
				INFOPLIST_FILE = LogLens/Info.plist;
				LD_RUNPATH_SEARCH_PATHS = (
					"$(inherited)",
					"@executable_path/../Frameworks",
				);
				PRODUCT_BUNDLE_IDENTIFIER = com.hugoprinsloo.LogLens;
				SDKROOT = macosx;
			};
			name = Debug;
		};
/* End XCBuildConfiguration section */

/* Begin XCConfigurationList section */
		96AC1D22A54D1DC0E7DF79DB /* Build configuration list for PBXProject "LogLens" */ = {
			isa = XCConfigurationList;
			buildConfigurations = (
				D710A9EEE6A0ADF3DBE13D19 /* Debug */,
				B7847F75D26DF5115F396741 /* Release */,
			);
			defaultConfigurationIsVisible = 0;
			defaultConfigurationName = Debug;
		};
		ED890A79C94115056DBE57D8 /* Build configuration list for PBXNativeTarget "LogLens" */ = {
			isa = XCConfigurationList;
			buildConfigurations = (
				E0A7354B63CF057304814AC5 /* Debug */,
				DE6E4F6FCF6CDD52960E81FE /* Release */,
			);
			defaultConfigurationIsVisible = 0;
			defaultConfigurationName = Debug;
		};
/* End XCConfigurationList section */
	};
	rootObject = 0D736C30671F773BC62B1D74 /* Project object */;
}
